
Microsoft Visual Studio Solution File, Format Version 12.00
Project("{FAE04EC0-301F-11D3-BF4B-00C04F79EFBC}") = "SubnauticaExportHelper", "SubnauticaExportHelper\SubnauticaExportHelper.csproj", "{D0F95719-D06A-49E7-A25A-D50C0B08BEF5}"
EndProject
Project("{FAE04EC0-301F-11D3-BF4B-00C04F79EFBC}") = "ConsoleTestEnvironment", "ConsoleTestEnvironment\ConsoleTestEnvironment.csproj", "{A9ED4EE2-1937-497D-9998-71307DF7A417}"
EndProject
Global
	GlobalSection(SolutionConfigurationPlatforms) = preSolution
		Debug|Any CPU = Debug|Any CPU
		Release|Any CPU = Release|Any CPU
	EndGlobalSection
	GlobalSection(ProjectConfigurationPlatforms) = postSolution
		{D0F95719-D06A-49E7-A25A-D50C0B08BEF5}.Debug|Any CPU.ActiveCfg = Debug|Any CPU
		{D0F95719-D06A-49E7-A25A-D50C0B08BEF5}.Debug|Any CPU.Build.0 = Debug|Any CPU
		{D0F95719-D06A-49E7-A25A-D50C0B08BEF5}.Release|Any CPU.ActiveCfg = Release|Any CPU
		{D0F95719-D06A-49E7-A25A-D50C0B08BEF5}.Release|Any CPU.Build.0 = Release|Any CPU
		{A9ED4EE2-1937-497D-9998-71307DF7A417}.Debug|Any CPU.ActiveCfg = Debug|Any CPU
		{A9ED4EE2-1937-497D-9998-71307DF7A417}.Debug|Any CPU.Build.0 = Debug|Any CPU
		{A9ED4EE2-1937-497D-9998-71307DF7A417}.Release|Any CPU.ActiveCfg = Release|Any CPU
		{A9ED4EE2-1937-497D-9998-71307DF7A417}.Release|Any CPU.Build.0 = Release|Any CPU
	EndGlobalSection
EndGlobal
